{
  "lockfile_version": "1",
  "packages": {
    "bundler@latest": {
      "last_modified": "2024-04-19T17:36:04-04:00",
      "resolved": "github:NixOS/nixpkgs/92d295f588631b0db2da509f381b4fb1e74173c5#bundler",
      "source": "devbox-search",
      "version": "2.5.7",
      "systems": {
        "aarch64-darwin": {
          "outputs": [
            {
              "name": "out",
              "path": "/nix/store/3406vdp8kgsrd2nkx1qfm9p892f30bhz-bundler-2.5.7",
              "default": true
            }
          ],
          "store_path": "/nix/store/3406vdp8kgsrd2nkx1qfm9p892f30bhz-bundler-2.5.7"
        },
        "aarch64-linux": {
          "outputs": [
            {
              "name": "out",
              "path": "/nix/store/7vs52arfd8a6fn1i1ibfn5s6njj42n98-bundler-2.5.7",
              "default": true
            }
          ],
          "store_path": "/nix/store/7vs52arfd8a6fn1i1ibfn5s6njj42n98-bundler-2.5.7"
        },
        "x86_64-darwin": {
          "outputs": [
            {
              "name": "out",
              "path": "/nix/store/qwki82dkdkrsb9whmyhqqcmfkqqc6cix-bundler-2.5.7",
              "default": true
            }
          ],
          "store_path": "/nix/store/qwki82dkdkrsb9whmyhqqcmfkqqc6cix-bundler-2.5.7"
        },
        "x86_64-linux": {
          "outputs": [
            {
              "name": "out",
              "path": "/nix/store/47x51wrny5y32qf2x70pi9gpx4yqiws4-bundler-2.5.7",
              "default": true
            }
          ],
          "store_path": "/nix/store/47x51wrny5y32qf2x70pi9gpx4yqiws4-bundler-2.5.7"
        }
      }
    },
    "ruby_3_1@latest": {
      "last_modified": "2024-04-19T17:36:04-04:00",
      "plugin_version": "0.0.2",
      "resolved": "github:NixOS/nixpkgs/92d295f588631b0db2da509f381b4fb1e74173c5#ruby",
      "source": "devbox-search",
      "version": "3.1.4",
      "systems": {
        "aarch64-darwin": {
          "outputs": [
            {
              "name": "out",
              "path": "/nix/store/vzijiv6bsrxmwfdmsrbz2zky9a02w2x5-ruby-3.1.4",
              "default": true
            },
            {
              "name": "devdoc",
              "path": "/nix/store/bj3s0vyik3a93m141macjp1br758sj4f-ruby-3.1.4-devdoc"
            }
          ],
          "store_path": "/nix/store/vzijiv6bsrxmwfdmsrbz2zky9a02w2x5-ruby-3.1.4"
        },
        "aarch64-linux": {
          "outputs": [
            {
              "name": "out",
              "path": "/nix/store/bizwxx0fy9hlibz1819r6w7h6nbzc1yf-ruby-3.1.4",
              "default": true
            },
            {
              "name": "devdoc",
              "path": "/nix/store/13d1f992zwin1awlmw36imyhcsfbaz3j-ruby-3.1.4-devdoc"
            }
          ],
          "store_path": "/nix/store/bizwxx0fy9hlibz1819r6w7h6nbzc1yf-ruby-3.1.4"
        },
        "x86_64-darwin": {
          "outputs": [
            {
              "name": "out",
              "path": "/nix/store/bma6wprrhmqfklql6k30400f3145nnav-ruby-3.1.4",
              "default": true
            },
            {
              "name": "devdoc",
              "path": "/nix/store/aaqkk4nrwydz1ap4sk1sfilysxr6fv8m-ruby-3.1.4-devdoc"
            }
          ],
          "store_path": "/nix/store/bma6wprrhmqfklql6k30400f3145nnav-ruby-3.1.4"
        },
        "x86_64-linux": {
          "outputs": [
            {
              "name": "out",
              "path": "/nix/store/9sx35aw3w8a76k7l5gb2fc5i90b24366-ruby-3.1.4",
              "default": true
            },
            {
              "name": "devdoc",
              "path": "/nix/store/n0d8v8vxgd05s8pyg8d91psjxrp27m1s-ruby-3.1.4-devdoc"
            }
          ],
          "store_path": "/nix/store/9sx35aw3w8a76k7l5gb2fc5i90b24366-ruby-3.1.4"
        }
      }
    }
  }
}
